
Microsoft Visual Studio Solution File, Format Version 12.00
# Visual Studio Version 16
VisualStudioVersion = 25.0.1705.5
MinimumVisualStudioVersion = 10.0.40219.1
Project("{FAE04EC0-301F-11D3-BF4B-00C04F79EFBC}") = "jwtexample", "jwtexample\jwtexample.csproj", "{3C813940-F45D-4FBB-86F4-650D461DFD6F}"
EndProject
Global
	GlobalSection(SolutionConfigurationPlatforms) = preSolution
		Debug|Any CPU = Debug|Any CPU
		Release|Any CPU = Release|Any CPU
	EndGlobalSection
	GlobalSection(ProjectConfigurationPlatforms) = postSolution
		{3C813940-F45D-4FBB-86F4-650D461DFD6F}.Debug|Any CPU.ActiveCfg = Debug|Any CPU
		{3C813940-F45D-4FBB-86F4-650D461DFD6F}.Debug|Any CPU.Build.0 = Debug|Any CPU
		{3C813940-F45D-4FBB-86F4-650D461DFD6F}.Release|Any CPU.ActiveCfg = Release|Any CPU
		{3C813940-F45D-4FBB-86F4-650D461DFD6F}.Release|Any CPU.Build.0 = Release|Any CPU
	EndGlobalSection
	GlobalSection(SolutionProperties) = preSolution
		HideSolutionNode = FALSE
	EndGlobalSection
	GlobalSection(ExtensibilityGlobals) = postSolution
		SolutionGuid = {382DEFE4-71B7-4A7D-989E-07A328AA5AC3}
	EndGlobalSection
EndGlobal
