
Microsoft Visual Studio Solution File, Format Version 12.00
# Visual Studio Version 16
VisualStudioVersion = 25.0.1705.5
MinimumVisualStudioVersion = 10.0.40219.1
Project("{FAE04EC0-301F-11D3-BF4B-00C04F79EFBC}") = "RestfulWebAPi", "RestfulWebAPi\RestfulWebAPi.csproj", "{603401AB-8694-4A55-9E1C-F730083007B3}"
EndProject
Global
	GlobalSection(SolutionConfigurationPlatforms) = preSolution
		Debug|Any CPU = Debug|Any CPU
		Release|Any CPU = Release|Any CPU
	EndGlobalSection
	GlobalSection(ProjectConfigurationPlatforms) = postSolution
		{603401AB-8694-4A55-9E1C-F730083007B3}.Debug|Any CPU.ActiveCfg = Debug|Any CPU
		{603401AB-8694-4A55-9E1C-F730083007B3}.Debug|Any CPU.Build.0 = Debug|Any CPU
		{603401AB-8694-4A55-9E1C-F730083007B3}.Release|Any CPU.ActiveCfg = Release|Any CPU
		{603401AB-8694-4A55-9E1C-F730083007B3}.Release|Any CPU.Build.0 = Release|Any CPU
	EndGlobalSection
	GlobalSection(SolutionProperties) = preSolution
		HideSolutionNode = FALSE
	EndGlobalSection
	GlobalSection(ExtensibilityGlobals) = postSolution
		SolutionGuid = {01670E36-C001-430A-8B77-393CFBC8BBB3}
	EndGlobalSection
EndGlobal
